// !$*UTF8*$!
{
	archiveVersion = 1;
	classes = {
	};
	objectVersion = 46;
	objects = {

/* Begin PBXBuildFile section */
		5522A42B18E66C1E003D988D /* Foundation.framework in Frameworks */ = {isa = PBXBuildFile; fileRef = 5522A42A18E66C1E003D988D /* Foundation.framework */; };
		5522A42D18E66C1E003D988D /* CoreGraphics.framework in Frameworks */ = {isa = PBXBuildFile; fileRef = 5522A42C18E66C1E003D988D /* CoreGraphics.framework */; };
		5522A42F18E66C1E003D988D /* UIKit.framework in Frameworks */ = {isa = PBXBuildFile; fileRef = 5522A42E18E66C1E003D988D /* UIKit.framework */; };
		5522A43518E66C1E003D988D /* InfoPlist.strings in Resources */ = {isa = PBXBuildFile; fileRef = 5522A43318E66C1E003D988D /* InfoPlist.strings */; };
		5522A43718E66C1E003D988D /* main.m in Sources */ = {isa = PBXBuildFile; fileRef = 5522A43618E66C1E003D988D /* main.m */; };
		5522A43B18E66C1E003D988D /* AppDelegate.m in Sources */ = {isa = PBXBuildFile; fileRef = 5522A43A18E66C1E003D988D /* AppDelegate.m */; };
		5522A43E18E66C1E003D988D /* Main.storyboard in Resources */ = {isa = PBXBuildFile; fileRef = 5522A43C18E66C1E003D988D /* Main.storyboard */; };
		5522A44318E66C1E003D988D /* Images.xcassets in Resources */ = {isa = PBXBuildFile; fileRef = 5522A44218E66C1E003D988D /* Images.xcassets */; };
		5522A44A18E66C1E003D988D /* XCTest.framework in Frameworks */ = {isa = PBXBuildFile; fileRef = 5522A44918E66C1E003D988D /* XCTest.framework */; };
		5522A44B18E66C1E003D988D /* Foundation.framework in Frameworks */ = {isa = PBXBuildFile; fileRef = 5522A42A18E66C1E003D988D /* Foundation.framework */; };
		5522A44C18E66C1E003D988D /* UIKit.framework in Frameworks */ = {isa = PBXBuildFile; fileRef = 5522A42E18E66C1E003D988D /* UIKit.framework */; };
		5522A45418E66C1E003D988D /* InfoPlist.strings in Resources */ = {isa = PBXBuildFile; fileRef = 5522A45218E66C1E003D988D /* InfoPlist.strings */; };
		5522A45618E66C1E003D988D /* MSSTests.m in Sources */ = {isa = PBXBuildFile; fileRef = 5522A45518E66C1E003D988D /* MSSTests.m */; };
		5522A46F18E66C54003D988D /* AMSlideMenuContentSegue.m in Sources */ = {isa = PBXBuildFile; fileRef = 5522A46118E66C54003D988D /* AMSlideMenuContentSegue.m */; };
		5522A47018E66C54003D988D /* AMSlideMenuLeftMenuSegue.m in Sources */ = {isa = PBXBuildFile; fileRef = 5522A46318E66C54003D988D /* AMSlideMenuLeftMenuSegue.m */; };
		5522A47118E66C54003D988D /* AMSlideMenuLeftTableViewController.m in Sources */ = {isa = PBXBuildFile; fileRef = 5522A46518E66C54003D988D /* AMSlideMenuLeftTableViewController.m */; };
		5522A47318E66C54003D988D /* AMSlideMenuRightMenuSegue.m in Sources */ = {isa = PBXBuildFile; fileRef = 5522A46A18E66C54003D988D /* AMSlideMenuRightMenuSegue.m */; };
		5522A47418E66C54003D988D /* AMSlideMenuRightTableViewController.m in Sources */ = {isa = PBXBuildFile; fileRef = 5522A46C18E66C54003D988D /* AMSlideMenuRightTableViewController.m */; };
		5522A47518E66C54003D988D /* UIViewController+AMSlideMenu.m in Sources */ = {isa = PBXBuildFile; fileRef = 5522A46E18E66C54003D988D /* UIViewController+AMSlideMenu.m */; };
		5522A47818E66CAD003D988D /* MainVC.m in Sources */ = {isa = PBXBuildFile; fileRef = 5522A47718E66CAD003D988D /* MainVC.m */; };
		5522A47B18E671CD003D988D /* icon-menu.png in Resources */ = {isa = PBXBuildFile; fileRef = 5522A47918E671CD003D988D /* icon-menu.png */; };
		5522A47C18E671CD003D988D /* icon-menu@2x.png in Resources */ = {isa = PBXBuildFile; fileRef = 5522A47A18E671CD003D988D /* icon-menu@2x.png */; };
		5522A47E18E67873003D988D /* panther.gif in Resources */ = {isa = PBXBuildFile; fileRef = 5522A47D18E67873003D988D /* panther.gif */; };
		5522A49B18E6AFCC003D988D /* libz.dylib in Frameworks */ = {isa = PBXBuildFile; fileRef = 5522A49918E6AFCC003D988D /* libz.dylib */; };
		5522A49C18E6AFCC003D988D /* libxml2.dylib in Frameworks */ = {isa = PBXBuildFile; fileRef = 5522A49A18E6AFCC003D988D /* libxml2.dylib */; };
		5522A49E18E6B1E7003D988D /* AMSlideMenuMainViewController.m in Sources */ = {isa = PBXBuildFile; fileRef = 5522A49D18E6B1E7003D988D /* AMSlideMenuMainViewController.m */; };
/* End PBXBuildFile section */

/* Begin PBXContainerItemProxy section */
		5522A44D18E66C1E003D988D /* PBXContainerItemProxy */ = {
			isa = PBXContainerItemProxy;
			containerPortal = 5522A41F18E66C1E003D988D /* Project object */;
			proxyType = 1;
			remoteGlobalIDString = 5522A42618E66C1E003D988D;
			remoteInfo = MSS;
		};
/* End PBXContainerItemProxy section */

/* Begin PBXFileReference section */
		5522A42718E66C1E003D988D /* MSS.app */ = {isa = PBXFileReference; explicitFileType = wrapper.application; includeInIndex = 0; path = MSS.app; sourceTree = BUILT_PRODUCTS_DIR; };
		5522A42A18E66C1E003D988D /* Foundation.framework */ = {isa = PBXFileReference; lastKnownFileType = wrapper.framework; name = Foundation.framework; path = System/Library/Frameworks/Foundation.framework; sourceTree = SDKROOT; };
		5522A42C18E66C1E003D988D /* CoreGraphics.framework */ = {isa = PBXFileReference; lastKnownFileType = wrapper.framework; name = CoreGraphics.framework; path = System/Library/Frameworks/CoreGraphics.framework; sourceTree = SDKROOT; };
		5522A42E18E66C1E003D988D /* UIKit.framework */ = {isa = PBXFileReference; lastKnownFileType = wrapper.framework; name = UIKit.framework; path = System/Library/Frameworks/UIKit.framework; sourceTree = SDKROOT; };
		5522A43218E66C1E003D988D /* MSS-Info.plist */ = {isa = PBXFileReference; lastKnownFileType = text.plist.xml; path = "MSS-Info.plist"; sourceTree = "<group>"; };
		5522A43418E66C1E003D988D /* en */ = {isa = PBXFileReference; lastKnownFileType = text.plist.strings; name = en; path = en.lproj/InfoPlist.strings; sourceTree = "<group>"; };
		5522A43618E66C1E003D988D /* main.m */ = {isa = PBXFileReference; lastKnownFileType = sourcecode.c.objc; path = main.m; sourceTree = "<group>"; };
		5522A43818E66C1E003D988D /* MSS-Prefix.pch */ = {isa = PBXFileReference; lastKnownFileType = sourcecode.c.h; path = "MSS-Prefix.pch"; sourceTree = "<group>"; };
		5522A43918E66C1E003D988D /* AppDelegate.h */ = {isa = PBXFileReference; lastKnownFileType = sourcecode.c.h; path = AppDelegate.h; sourceTree = "<group>"; };
		5522A43A18E66C1E003D988D /* AppDelegate.m */ = {isa = PBXFileReference; lastKnownFileType = sourcecode.c.objc; path = AppDelegate.m; sourceTree = "<group>"; };
		5522A43D18E66C1E003D988D /* Base */ = {isa = PBXFileReference; lastKnownFileType = file.storyboard; name = Base; path = Base.lproj/Main.storyboard; sourceTree = "<group>"; };
		5522A44218E66C1E003D988D /* Images.xcassets */ = {isa = PBXFileReference; lastKnownFileType = folder.assetcatalog; path = Images.xcassets; sourceTree = "<group>"; };
		5522A44818E66C1E003D988D /* MSSTests.xctest */ = {isa = PBXFileReference; explicitFileType = wrapper.cfbundle; includeInIndex = 0; path = MSSTests.xctest; sourceTree = BUILT_PRODUCTS_DIR; };
		5522A44918E66C1E003D988D /* XCTest.framework */ = {isa = PBXFileReference; lastKnownFileType = wrapper.framework; name = XCTest.framework; path = Library/Frameworks/XCTest.framework; sourceTree = DEVELOPER_DIR; };
		5522A45118E66C1E003D988D /* MSSTests-Info.plist */ = {isa = PBXFileReference; lastKnownFileType = text.plist.xml; path = "MSSTests-Info.plist"; sourceTree = "<group>"; };
		5522A45318E66C1E003D988D /* en */ = {isa = PBXFileReference; lastKnownFileType = text.plist.strings; name = en; path = en.lproj/InfoPlist.strings; sourceTree = "<group>"; };
		5522A45518E66C1E003D988D /* MSSTests.m */ = {isa = PBXFileReference; lastKnownFileType = sourcecode.c.objc; path = MSSTests.m; sourceTree = "<group>"; };
		5522A46018E66C54003D988D /* AMSlideMenuContentSegue.h */ = {isa = PBXFileReference; fileEncoding = 4; lastKnownFileType = sourcecode.c.h; path = AMSlideMenuContentSegue.h; sourceTree = "<group>"; };
		5522A46118E66C54003D988D /* AMSlideMenuContentSegue.m */ = {isa = PBXFileReference; fileEncoding = 4; lastKnownFileType = sourcecode.c.objc; path = AMSlideMenuContentSegue.m; sourceTree = "<group>"; };
		5522A46218E66C54003D988D /* AMSlideMenuLeftMenuSegue.h */ = {isa = PBXFileReference; fileEncoding = 4; lastKnownFileType = sourcecode.c.h; path = AMSlideMenuLeftMenuSegue.h; sourceTree = "<group>"; };
		5522A46318E66C54003D988D /* AMSlideMenuLeftMenuSegue.m */ = {isa = PBXFileReference; fileEncoding = 4; lastKnownFileType = sourcecode.c.objc; path = AMSlideMenuLeftMenuSegue.m; sourceTree = "<group>"; };
		5522A46418E66C54003D988D /* AMSlideMenuLeftTableViewController.h */ = {isa = PBXFileReference; fileEncoding = 4; lastKnownFileType = sourcecode.c.h; path = AMSlideMenuLeftTableViewController.h; sourceTree = "<group>"; };
		5522A46518E66C54003D988D /* AMSlideMenuLeftTableViewController.m */ = {isa = PBXFileReference; fileEncoding = 4; lastKnownFileType = sourcecode.c.objc; path = AMSlideMenuLeftTableViewController.m; sourceTree = "<group>"; };
		5522A46618E66C54003D988D /* AMSlideMenuMainViewController.h */ = {isa = PBXFileReference; fileEncoding = 4; lastKnownFileType = sourcecode.c.h; path = AMSlideMenuMainViewController.h; sourceTree = "<group>"; };
		5522A46818E66C54003D988D /* AMSlideMenuProtocols.h */ = {isa = PBXFileReference; fileEncoding = 4; lastKnownFileType = sourcecode.c.h; path = AMSlideMenuProtocols.h; sourceTree = "<group>"; };
		5522A46918E66C54003D988D /* AMSlideMenuRightMenuSegue.h */ = {isa = PBXFileReference; fileEncoding = 4; lastKnownFileType = sourcecode.c.h; path = AMSlideMenuRightMenuSegue.h; sourceTree = "<group>"; };
		5522A46A18E66C54003D988D /* AMSlideMenuRightMenuSegue.m */ = {isa = PBXFileReference; fileEncoding = 4; lastKnownFileType = sourcecode.c.objc; path = AMSlideMenuRightMenuSegue.m; sourceTree = "<group>"; };
		5522A46B18E66C54003D988D /* AMSlideMenuRightTableViewController.h */ = {isa = PBXFileReference; fileEncoding = 4; lastKnownFileType = sourcecode.c.h; path = AMSlideMenuRightTableViewController.h; sourceTree = "<group>"; };
		5522A46C18E66C54003D988D /* AMSlideMenuRightTableViewController.m */ = {isa = PBXFileReference; fileEncoding = 4; lastKnownFileType = sourcecode.c.objc; path = AMSlideMenuRightTableViewController.m; sourceTree = "<group>"; };
		5522A46D18E66C54003D988D /* UIViewController+AMSlideMenu.h */ = {isa = PBXFileReference; fileEncoding = 4; lastKnownFileType = sourcecode.c.h; path = "UIViewController+AMSlideMenu.h"; sourceTree = "<group>"; };
		5522A46E18E66C54003D988D /* UIViewController+AMSlideMenu.m */ = {isa = PBXFileReference; fileEncoding = 4; lastKnownFileType = sourcecode.c.objc; path = "UIViewController+AMSlideMenu.m"; sourceTree = "<group>"; };
		5522A47618E66CAD003D988D /* MainVC.h */ = {isa = PBXFileReference; fileEncoding = 4; lastKnownFileType = sourcecode.c.h; path = MainVC.h; sourceTree = "<group>"; };
		5522A47718E66CAD003D988D /* MainVC.m */ = {isa = PBXFileReference; fileEncoding = 4; lastKnownFileType = sourcecode.c.objc; path = MainVC.m; sourceTree = "<group>"; };
		5522A47918E671CD003D988D /* icon-menu.png */ = {isa = PBXFileReference; lastKnownFileType = image.png; path = "icon-menu.png"; sourceTree = "<group>"; };
		5522A47A18E671CD003D988D /* icon-menu@2x.png */ = {isa = PBXFileReference; lastKnownFileType = image.png; path = "icon-menu@2x.png"; sourceTree = "<group>"; };
		5522A47D18E67873003D988D /* panther.gif */ = {isa = PBXFileReference; lastKnownFileType = image.gif; path = panther.gif; sourceTree = "<group>"; };
		5522A49918E6AFCC003D988D /* libz.dylib */ = {isa = PBXFileReference; lastKnownFileType = "compiled.mach-o.dylib"; name = libz.dylib; path = usr/lib/libz.dylib; sourceTree = SDKROOT; };
		5522A49A18E6AFCC003D988D /* libxml2.dylib */ = {isa = PBXFileReference; lastKnownFileType = "compiled.mach-o.dylib"; name = libxml2.dylib; path = usr/lib/libxml2.dylib; sourceTree = SDKROOT; };
		5522A49D18E6B1E7003D988D /* AMSlideMenuMainViewController.m */ = {isa = PBXFileReference; fileEncoding = 4; lastKnownFileType = sourcecode.c.objc; name = AMSlideMenuMainViewController.m; path = "../../../../Downloads/AMSlideMenu-master/AMSlideMenu/AMSlideMenuMainViewController.m"; sourceTree = "<group>"; };
/* End PBXFileReference section */

/* Begin PBXFrameworksBuildPhase section */
		5522A42418E66C1E003D988D /* Frameworks */ = {
			isa = PBXFrameworksBuildPhase;
			buildActionMask = 2147483647;
			files = (
				5522A42D18E66C1E003D988D /* CoreGraphics.framework in Frameworks */,
				5522A49B18E6AFCC003D988D /* libz.dylib in Frameworks */,
				5522A42F18E66C1E003D988D /* UIKit.framework in Frameworks */,
				5522A42B18E66C1E003D988D /* Foundation.framework in Frameworks */,
				5522A49C18E6AFCC003D988D /* libxml2.dylib in Frameworks */,
			);
			runOnlyForDeploymentPostprocessing = 0;
		};
		5522A44518E66C1E003D988D /* Frameworks */ = {
			isa = PBXFrameworksBuildPhase;
			buildActionMask = 2147483647;
			files = (
				5522A44A18E66C1E003D988D /* XCTest.framework in Frameworks */,
				5522A44C18E66C1E003D988D /* UIKit.framework in Frameworks */,
				5522A44B18E66C1E003D988D /* Foundation.framework in Frameworks */,
			);
			runOnlyForDeploymentPostprocessing = 0;
		};
/* End PBXFrameworksBuildPhase section */

/* Begin PBXGroup section */
		5522A41E18E66C1E003D988D = {
			isa = PBXGroup;
			children = (
				5522A43018E66C1E003D988D /* MSS */,
				5522A44F18E66C1E003D988D /* MSSTests */,
				5522A42918E66C1E003D988D /* Frameworks */,
				5522A42818E66C1E003D988D /* Products */,
			);
			sourceTree = "<group>";
		};
		5522A42818E66C1E003D988D /* Products */ = {
			isa = PBXGroup;
			children = (
				5522A42718E66C1E003D988D /* MSS.app */,
				5522A44818E66C1E003D988D /* MSSTests.xctest */,
			);
			name = Products;
			sourceTree = "<group>";
		};
		5522A42918E66C1E003D988D /* Frameworks */ = {
			isa = PBXGroup;
			children = (
				5522A49918E6AFCC003D988D /* libz.dylib */,
				5522A49A18E6AFCC003D988D /* libxml2.dylib */,
				5522A42A18E66C1E003D988D /* Foundation.framework */,
				5522A42C18E66C1E003D988D /* CoreGraphics.framework */,
				5522A42E18E66C1E003D988D /* UIKit.framework */,
				5522A44918E66C1E003D988D /* XCTest.framework */,
			);
			name = Frameworks;
			sourceTree = "<group>";
		};
		5522A43018E66C1E003D988D /* MSS */ = {
			isa = PBXGroup;
			children = (
				5522A45F18E66C54003D988D /* AMSlideMenu */,
				5522A43918E66C1E003D988D /* AppDelegate.h */,
				5522A43A18E66C1E003D988D /* AppDelegate.m */,
				5522A44218E66C1E003D988D /* Images.xcassets */,
				5522A43118E66C1E003D988D /* Supporting Files */,
				5522A47618E66CAD003D988D /* MainVC.h */,
				5522A47718E66CAD003D988D /* MainVC.m */,
			);
			path = MSS;
			sourceTree = "<group>";
		};
		5522A43118E66C1E003D988D /* Supporting Files */ = {
			isa = PBXGroup;
			children = (
				5522A47D18E67873003D988D /* panther.gif */,
				5522A47918E671CD003D988D /* icon-menu.png */,
				5522A47A18E671CD003D988D /* icon-menu@2x.png */,
				5522A43C18E66C1E003D988D /* Main.storyboard */,
				5522A43218E66C1E003D988D /* MSS-Info.plist */,
				5522A43318E66C1E003D988D /* InfoPlist.strings */,
				5522A43618E66C1E003D988D /* main.m */,
				5522A43818E66C1E003D988D /* MSS-Prefix.pch */,
			);
			name = "Supporting Files";
			sourceTree = "<group>";
		};
		5522A44F18E66C1E003D988D /* MSSTests */ = {
			isa = PBXGroup;
			children = (
				5522A45518E66C1E003D988D /* MSSTests.m */,
				5522A45018E66C1E003D988D /* Supporting Files */,
			);
			path = MSSTests;
			sourceTree = "<group>";
		};
		5522A45018E66C1E003D988D /* Supporting Files */ = {
			isa = PBXGroup;
			children = (
				5522A45118E66C1E003D988D /* MSSTests-Info.plist */,
				5522A45218E66C1E003D988D /* InfoPlist.strings */,
			);
			name = "Supporting Files";
			sourceTree = "<group>";
		};
		5522A45F18E66C54003D988D /* AMSlideMenu */ = {
			isa = PBXGroup;
			children = (
				5522A46018E66C54003D988D /* AMSlideMenuContentSegue.h */,
				5522A46118E66C54003D988D /* AMSlideMenuContentSegue.m */,
				5522A46218E66C54003D988D /* AMSlideMenuLeftMenuSegue.h */,
				5522A46318E66C54003D988D /* AMSlideMenuLeftMenuSegue.m */,
				5522A46418E66C54003D988D /* AMSlideMenuLeftTableViewController.h */,
				5522A46518E66C54003D988D /* AMSlideMenuLeftTableViewController.m */,
				5522A46618E66C54003D988D /* AMSlideMenuMainViewController.h */,
				5522A49D18E6B1E7003D988D /* AMSlideMenuMainViewController.m */,
				5522A46818E66C54003D988D /* AMSlideMenuProtocols.h */,
				5522A46918E66C54003D988D /* AMSlideMenuRightMenuSegue.h */,
				5522A46A18E66C54003D988D /* AMSlideMenuRightMenuSegue.m */,
				5522A46B18E66C54003D988D /* AMSlideMenuRightTableViewController.h */,
				5522A46C18E66C54003D988D /* AMSlideMenuRightTableViewController.m */,
				5522A46D18E66C54003D988D /* UIViewController+AMSlideMenu.h */,
				5522A46E18E66C54003D988D /* UIViewController+AMSlideMenu.m */,
			);
			path = AMSlideMenu;
			sourceTree = "<group>";
		};
/* End PBXGroup section */

/* Begin PBXNativeTarget section */
		5522A42618E66C1E003D988D /* MSS */ = {
			isa = PBXNativeTarget;
			buildConfigurationList = 5522A45918E66C1E003D988D /* Build configuration list for PBXNativeTarget "MSS" */;
			buildPhases = (
				5522A42318E66C1E003D988D /* Sources */,
				5522A42418E66C1E003D988D /* Frameworks */,
				5522A42518E66C1E003D988D /* Resources */,
			);
			buildRules = (
			);
			dependencies = (
			);
			name = MSS;
			productName = MSS;
			productReference = 5522A42718E66C1E003D988D /* MSS.app */;
			productType = "com.apple.product-type.application";
		};
		5522A44718E66C1E003D988D /* MSSTests */ = {
			isa = PBXNativeTarget;
			buildConfigurationList = 5522A45C18E66C1E003D988D /* Build configuration list for PBXNativeTarget "MSSTests" */;
			buildPhases = (
				5522A44418E66C1E003D988D /* Sources */,
				5522A44518E66C1E003D988D /* Frameworks */,
				5522A44618E66C1E003D988D /* Resources */,
			);
			buildRules = (
			);
			dependencies = (
				5522A44E18E66C1E003D988D /* PBXTargetDependency */,
			);
			name = MSSTests;
			productName = MSSTests;
			productReference = 5522A44818E66C1E003D988D /* MSSTests.xctest */;
			productType = "com.apple.product-type.bundle.unit-test";
		};
/* End PBXNativeTarget section */

/* Begin PBXProject section */
		5522A41F18E66C1E003D988D /* Project object */ = {
			isa = PBXProject;
			attributes = {
				LastUpgradeCheck = 0510;
				ORGANIZATIONNAME = MSS;
				TargetAttributes = {
					5522A44718E66C1E003D988D = {
						TestTargetID = 5522A42618E66C1E003D988D;
					};
				};
			};
			buildConfigurationList = 5522A42218E66C1E003D988D /* Build configuration list for PBXProject "MSS" */;
			compatibilityVersion = "Xcode 3.2";
			developmentRegion = English;
			hasScannedForEncodings = 0;
			knownRegions = (
				en,
				Base,
			);
			mainGroup = 5522A41E18E66C1E003D988D;
			productRefGroup = 5522A42818E66C1E003D988D /* Products */;
			projectDirPath = "";
			projectRoot = "";
			targets = (
				5522A42618E66C1E003D988D /* MSS */,
				5522A44718E66C1E003D988D /* MSSTests */,
			);
		};
/* End PBXProject section */

/* Begin PBXResourcesBuildPhase section */
		5522A42518E66C1E003D988D /* Resources */ = {
			isa = PBXResourcesBuildPhase;
			buildActionMask = 2147483647;
			files = (
				5522A44318E66C1E003D988D /* Images.xcassets in Resources */,
				5522A43518E66C1E003D988D /* InfoPlist.strings in Resources */,
				5522A47C18E671CD003D988D /* icon-menu@2x.png in Resources */,
				5522A47E18E67873003D988D /* panther.gif in Resources */,
				5522A43E18E66C1E003D988D /* Main.storyboard in Resources */,
				5522A47B18E671CD003D988D /* icon-menu.png in Resources */,
			);
			runOnlyForDeploymentPostprocessing = 0;
		};
		5522A44618E66C1E003D988D /* Resources */ = {
			isa = PBXResourcesBuildPhase;
			buildActionMask = 2147483647;
			files = (
				5522A45418E66C1E003D988D /* InfoPlist.strings in Resources */,
			);
			runOnlyForDeploymentPostprocessing = 0;
		};
/* End PBXResourcesBuildPhase section */

/* Begin PBXSourcesBuildPhase section */
		5522A42318E66C1E003D988D /* Sources */ = {
			isa = PBXSourcesBuildPhase;
			buildActionMask = 2147483647;
			files = (
				5522A47018E66C54003D988D /* AMSlideMenuLeftMenuSegue.m in Sources */,
				5522A49E18E6B1E7003D988D /* AMSlideMenuMainViewController.m in Sources */,
				5522A47418E66C54003D988D /* AMSlideMenuRightTableViewController.m in Sources */,
				5522A46F18E66C54003D988D /* AMSlideMenuContentSegue.m in Sources */,
				5522A47818E66CAD003D988D /* MainVC.m in Sources */,
				5522A47518E66C54003D988D /* UIViewController+AMSlideMenu.m in Sources */,
				5522A47118E66C54003D988D /* AMSlideMenuLeftTableViewController.m in Sources */,
				5522A43B18E66C1E003D988D /* AppDelegate.m in Sources */,
				5522A47318E66C54003D988D /* AMSlideMenuRightMenuSegue.m in Sources */,
				5522A43718E66C1E003D988D /* main.m in Sources */,
			);
			runOnlyForDeploymentPostprocessing = 0;
		};
		5522A44418E66C1E003D988D /* Sources */ = {
			isa = PBXSourcesBuildPhase;
			buildActionMask = 2147483647;
			files = (
				5522A45618E66C1E003D988D /* MSSTests.m in Sources */,
			);
			runOnlyForDeploymentPostprocessing = 0;
		};
/* End PBXSourcesBuildPhase section */

/* Begin PBXTargetDependency section */
		5522A44E18E66C1E003D988D /* PBXTargetDependency */ = {
			isa = PBXTargetDependency;
			target = 5522A42618E66C1E003D988D /* MSS */;
			targetProxy = 5522A44D18E66C1E003D988D /* PBXContainerItemProxy */;
		};
/* End PBXTargetDependency section */

/* Begin PBXVariantGroup section */
		5522A43318E66C1E003D988D /* InfoPlist.strings */ = {
			isa = PBXVariantGroup;
			children = (
				5522A43418E66C1E003D988D /* en */,
			);
			name = InfoPlist.strings;
			sourceTree = "<group>";
		};
		5522A43C18E66C1E003D988D /* Main.storyboard */ = {
			isa = PBXVariantGroup;
			children = (
				5522A43D18E66C1E003D988D /* Base */,
			);
			name = Main.storyboard;
			sourceTree = "<group>";
		};
		5522A45218E66C1E003D988D /* InfoPlist.strings */ = {
			isa = PBXVariantGroup;
			children = (
				5522A45318E66C1E003D988D /* en */,
			);
			name = InfoPlist.strings;
			sourceTree = "<group>";
		};
/* End PBXVariantGroup section */

/* Begin XCBuildConfiguration section */
		5522A45718E66C1E003D988D /* Debug */ = {
			isa = XCBuildConfiguration;
			buildSettings = {
				ALWAYS_SEARCH_USER_PATHS = NO;
				CLANG_CXX_LANGUAGE_STANDARD = "gnu++0x";
				CLANG_CXX_LIBRARY = "libc++";
				CLANG_ENABLE_MODULES = YES;
				CLANG_ENABLE_OBJC_ARC = YES;
				CLANG_WARN_BOOL_CONVERSION = YES;
				CLANG_WARN_CONSTANT_CONVERSION = YES;
				CLANG_WARN_DIRECT_OBJC_ISA_USAGE = YES_ERROR;
				CLANG_WARN_EMPTY_BODY = YES;
				CLANG_WARN_ENUM_CONVERSION = YES;
				CLANG_WARN_INT_CONVERSION = YES;
				CLANG_WARN_OBJC_ROOT_CLASS = YES_ERROR;
				CLANG_WARN__DUPLICATE_METHOD_MATCH = YES;
				"CODE_SIGN_IDENTITY[sdk=iphoneos*]" = "iPhone Developer";
				COPY_PHASE_STRIP = NO;
				GCC_C_LANGUAGE_STANDARD = gnu99;
				GCC_DYNAMIC_NO_PIC = NO;
				GCC_OPTIMIZATION_LEVEL = 0;
				GCC_PREPROCESSOR_DEFINITIONS = (
					"DEBUG=1",
					"$(inherited)",
				);
				GCC_SYMBOLS_PRIVATE_EXTERN = NO;
				GCC_WARN_64_TO_32_BIT_CONVERSION = YES;
				GCC_WARN_ABOUT_RETURN_TYPE = YES_ERROR;
				GCC_WARN_UNDECLARED_SELECTOR = YES;
				GCC_WARN_UNINITIALIZED_AUTOS = YES_AGGRESSIVE;
				GCC_WARN_UNUSED_FUNCTION = YES;
				GCC_WARN_UNUSED_VARIABLE = YES;
				IPHONEOS_DEPLOYMENT_TARGET = 7.1;
				ONLY_ACTIVE_ARCH = YES;
				SDKROOT = iphoneos;
			};
			name = Debug;
		};
		5522A45818E66C1E003D988D /* Release */ = {
			isa = XCBuildConfiguration;
			buildSettings = {
				ALWAYS_SEARCH_USER_PATHS = NO;
				CLANG_CXX_LANGUAGE_STANDARD = "gnu++0x";
				CLANG_CXX_LIBRARY = "libc++";
				CLANG_ENABLE_MODULES = YES;
				CLANG_ENABLE_OBJC_ARC = YES;
				CLANG_WARN_BOOL_CONVERSION = YES;
				CLANG_WARN_CONSTANT_CONVERSION = YES;
				CLANG_WARN_DIRECT_OBJC_ISA_USAGE = YES_ERROR;
				CLANG_WARN_EMPTY_BODY = YES;
				CLANG_WARN_ENUM_CONVERSION = YES;
				CLANG_WARN_INT_CONVERSION = YES;
				CLANG_WARN_OBJC_ROOT_CLASS = YES_ERROR;
				CLANG_WARN__DUPLICATE_METHOD_MATCH = YES;
				"CODE_SIGN_IDENTITY[sdk=iphoneos*]" = "iPhone Developer";
				COPY_PHASE_STRIP = YES;
				ENABLE_NS_ASSERTIONS = NO;
				GCC_C_LANGUAGE_STANDARD = gnu99;
				GCC_WARN_64_TO_32_BIT_CONVERSION = YES;
				GCC_WARN_ABOUT_RETURN_TYPE = YES_ERROR;
				GCC_WARN_UNDECLARED_SELECTOR = YES;
				GCC_WARN_UNINITIALIZED_AUTOS = YES_AGGRESSIVE;
				GCC_WARN_UNUSED_FUNCTION = YES;
				GCC_WARN_UNUSED_VARIABLE = YES;
				IPHONEOS_DEPLOYMENT_TARGET = 7.1;
				SDKROOT = iphoneos;
				VALIDATE_PRODUCT = YES;
			};
			name = Release;
		};
		5522A45A18E66C1E003D988D /* Debug */ = {
			isa = XCBuildConfiguration;
			buildSettings = {
				ASSETCATALOG_COMPILER_APPICON_NAME = AppIcon;
				ASSETCATALOG_COMPILER_LAUNCHIMAGE_NAME = LaunchImage;
				CLANG_ENABLE_OBJC_ARC = YES;
				CLANG_WARN_DEPRECATED_OBJC_IMPLEMENTATIONS = NO;
				CLANG_WARN_OBJC_MISSING_PROPERTY_SYNTHESIS = NO;
				GCC_PRECOMPILE_PREFIX_HEADER = YES;
				GCC_PREFIX_HEADER = "MSS/MSS-Prefix.pch";
				HEADER_SEARCH_PATHS = /usr/include/libxml2;
				INFOPLIST_FILE = "MSS/MSS-Info.plist";
				PRODUCT_NAME = "$(TARGET_NAME)";
				WRAPPER_EXTENSION = app;
			};
			name = Debug;
		};
		5522A45B18E66C1E003D988D /* Release */ = {
			isa = XCBuildConfiguration;
			buildSettings = {
				ASSETCATALOG_COMPILER_APPICON_NAME = AppIcon;
				ASSETCATALOG_COMPILER_LAUNCHIMAGE_NAME = LaunchImage;
				CLANG_ENABLE_OBJC_ARC = YES;
				CLANG_WARN_DEPRECATED_OBJC_IMPLEMENTATIONS = NO;
				CLANG_WARN_OBJC_MISSING_PROPERTY_SYNTHESIS = NO;
				GCC_PRECOMPILE_PREFIX_HEADER = YES;
				GCC_PREFIX_HEADER = "MSS/MSS-Prefix.pch";
				HEADER_SEARCH_PATHS = /usr/include/libxml2;
				INFOPLIST_FILE = "MSS/MSS-Info.plist";
				PRODUCT_NAME = "$(TARGET_NAME)";
				WRAPPER_EXTENSION = app;
			};
			name = Release;
		};
		5522A45D18E66C1E003D988D /* Debug */ = {
			isa = XCBuildConfiguration;
			buildSettings = {
				BUNDLE_LOADER = "$(BUILT_PRODUCTS_DIR)/MSS.app/MSS";
				FRAMEWORK_SEARCH_PATHS = (
					"$(SDKROOT)/Developer/Library/Frameworks",
					"$(inherited)",
					"$(DEVELOPER_FRAMEWORKS_DIR)",
				);
				GCC_PRECOMPILE_PREFIX_HEADER = YES;
				GCC_PREFIX_HEADER = "MSS/MSS-Prefix.pch";
				GCC_PREPROCESSOR_DEFINITIONS = (
					"DEBUG=1",
					"$(inherited)",
				);
				INFOPLIST_FILE = "MSSTests/MSSTests-Info.plist";
				PRODUCT_NAME = "$(TARGET_NAME)";
				TEST_HOST = "$(BUNDLE_LOADER)";
				WRAPPER_EXTENSION = xctest;
			};
			name = Debug;
		};
		5522A45E18E66C1E003D988D /* Release */ = {
			isa = XCBuildConfiguration;
			buildSettings = {
				BUNDLE_LOADER = "$(BUILT_PRODUCTS_DIR)/MSS.app/MSS";
				FRAMEWORK_SEARCH_PATHS = (
					"$(SDKROOT)/Developer/Library/Frameworks",
					"$(inherited)",
					"$(DEVELOPER_FRAMEWORKS_DIR)",
				);
				GCC_PRECOMPILE_PREFIX_HEADER = YES;
				GCC_PREFIX_HEADER = "MSS/MSS-Prefix.pch";
				INFOPLIST_FILE = "MSSTests/MSSTests-Info.plist";
				PRODUCT_NAME = "$(TARGET_NAME)";
				TEST_HOST = "$(BUNDLE_LOADER)";
				WRAPPER_EXTENSION = xctest;
			};
			name = Release;
		};
/* End XCBuildConfiguration section */

/* Begin XCConfigurationList section */
		5522A42218E66C1E003D988D /* Build configuration list for PBXProject "MSS" */ = {
			isa = XCConfigurationList;
			buildConfigurations = (
				5522A45718E66C1E003D988D /* Debug */,
				5522A45818E66C1E003D988D /* Release */,
			);
			defaultConfigurationIsVisible = 0;
			defaultConfigurationName = Release;
		};
		5522A45918E66C1E003D988D /* Build configuration list for PBXNativeTarget "MSS" */ = {
			isa = XCConfigurationList;
			buildConfigurations = (
				5522A45A18E66C1E003D988D /* Debug */,
				5522A45B18E66C1E003D988D /* Release */,
			);
			defaultConfigurationIsVisible = 0;
			defaultConfigurationName = Release;
		};
		5522A45C18E66C1E003D988D /* Build configuration list for PBXNativeTarget "MSSTests" */ = {
			isa = XCConfigurationList;
			buildConfigurations = (
				5522A45D18E66C1E003D988D /* Debug */,
				5522A45E18E66C1E003D988D /* Release */,
			);
			defaultConfigurationIsVisible = 0;
			defaultConfigurationName = Release;
		};
/* End XCConfigurationList section */
	};
	rootObject = 5522A41F18E66C1E003D988D /* Project object */;
}
